
Microsoft Visual Studio Solution File, Format Version 12.00
# Visual Studio Version 16
VisualStudioVersion = 16.0.810.16
MinimumVisualStudioVersion = 10.0.40219.1
Project("{FAE04EC0-301F-11D3-BF4B-00C04F79EFBC}") = "Party", "Party.csproj", "{E299A724-B518-41B8-9D62-5C4161FBCBC3}"
EndProject
Global
	GlobalSection(SolutionConfigurationPlatforms) = preSolution
		Debug|Any CPU = Debug|Any CPU
		Release|Any CPU = Release|Any CPU
	EndGlobalSection
	GlobalSection(ProjectConfigurationPlatforms) = postSolution
		{E299A724-B518-41B8-9D62-5C4161FBCBC3}.Debug|Any CPU.ActiveCfg = Debug|Any CPU
		{E299A724-B518-41B8-9D62-5C4161FBCBC3}.Debug|Any CPU.Build.0 = Debug|Any CPU
		{E299A724-B518-41B8-9D62-5C4161FBCBC3}.Release|Any CPU.ActiveCfg = Release|Any CPU
		{E299A724-B518-41B8-9D62-5C4161FBCBC3}.Release|Any CPU.Build.0 = Release|Any CPU
	EndGlobalSection
	GlobalSection(SolutionProperties) = preSolution
		HideSolutionNode = FALSE
	EndGlobalSection
	GlobalSection(ExtensibilityGlobals) = postSolution
		SolutionGuid = {768E2B93-C71E-42D1-8766-AF8DB24584F2}
	EndGlobalSection
EndGlobal
